// !$*UTF8*$!
{
	archiveVersion = 1;
	classes = {
	};
	objectVersion = 55;
	objects = {

/* Begin PBXBuildFile section */
		9C0AB8592912D0D1007AF488 /* longDogData.json in Resources */ = {isa = PBXBuildFile; fileRef = 9C0AB8582912D0D1007AF488 /* longDogData.json */; };
		9C0AB85B2912D1B6007AF488 /* Dog.swift in Sources */ = {isa = PBXBuildFile; fileRef = 9C0AB85A2912D1B6007AF488 /* Dog.swift */; };
		9C0AB86429141EC3007AF488 /* nobark.wav in Resources */ = {isa = PBXBuildFile; fileRef = 9C0AB86229141EC3007AF488 /* nobark.wav */; };
		9C0AB86529141EC3007AF488 /* yesbark.wav in Resources */ = {isa = PBXBuildFile; fileRef = 9C0AB86329141EC3007AF488 /* yesbark.wav */; };
		9C36736B2914271200469C9E /* dnldImgs.swift in Sources */ = {isa = PBXBuildFile; fileRef = 9C36736A2914271200469C9E /* dnldImgs.swift */; };
		FF3D39122904644A004A576D /* FavoritesController.swift in Sources */ = {isa = PBXBuildFile; fileRef = FF3D39112904644A004A576D /* FavoritesController.swift */; };
		FF656B3E28F334A80062F30D /* AccountViewController.swift in Sources */ = {isa = PBXBuildFile; fileRef = FF656B3D28F334A80062F30D /* AccountViewController.swift */; };
		FFEB41CE28CD16970075780C /* AppDelegate.swift in Sources */ = {isa = PBXBuildFile; fileRef = FFEB41CD28CD16970075780C /* AppDelegate.swift */; };
		FFEB41D028CD16970075780C /* SceneDelegate.swift in Sources */ = {isa = PBXBuildFile; fileRef = FFEB41CF28CD16970075780C /* SceneDelegate.swift */; };
		FFEB41D228CD16970075780C /* ViewController.swift in Sources */ = {isa = PBXBuildFile; fileRef = FFEB41D128CD16970075780C /* ViewController.swift */; };
		FFEB41D528CD16970075780C /* Main.storyboard in Resources */ = {isa = PBXBuildFile; fileRef = FFEB41D328CD16970075780C /* Main.storyboard */; };
		FFEB41D728CD169B0075780C /* Assets.xcassets in Resources */ = {isa = PBXBuildFile; fileRef = FFEB41D628CD169B0075780C /* Assets.xcassets */; };
		FFEB41DA28CD169B0075780C /* LaunchScreen.storyboard in Resources */ = {isa = PBXBuildFile; fileRef = FFEB41D828CD169B0075780C /* LaunchScreen.storyboard */; };
/* End PBXBuildFile section */

/* Begin PBXFileReference section */
		9C0AB8582912D0D1007AF488 /* longDogData.json */ = {isa = PBXFileReference; fileEncoding = 4; lastKnownFileType = text.json; path = longDogData.json; sourceTree = "<group>"; };
		9C0AB85A2912D1B6007AF488 /* Dog.swift */ = {isa = PBXFileReference; lastKnownFileType = sourcecode.swift; path = Dog.swift; sourceTree = "<group>"; };
		9C0AB86229141EC3007AF488 /* nobark.wav */ = {isa = PBXFileReference; lastKnownFileType = audio.wav; name = nobark.wav; path = "Barkle/app sounds/nobark.wav"; sourceTree = "<group>"; };
		9C0AB86329141EC3007AF488 /* yesbark.wav */ = {isa = PBXFileReference; lastKnownFileType = audio.wav; name = yesbark.wav; path = "Barkle/app sounds/yesbark.wav"; sourceTree = "<group>"; };
		9C36736A2914271200469C9E /* dnldImgs.swift */ = {isa = PBXFileReference; lastKnownFileType = sourcecode.swift; path = dnldImgs.swift; sourceTree = "<group>"; };
		FF3D39112904644A004A576D /* FavoritesController.swift */ = {isa = PBXFileReference; lastKnownFileType = sourcecode.swift; path = FavoritesController.swift; sourceTree = "<group>"; };
		FF656B3D28F334A80062F30D /* AccountViewController.swift */ = {isa = PBXFileReference; lastKnownFileType = sourcecode.swift; path = AccountViewController.swift; sourceTree = "<group>"; };
		FFEB41CA28CD16970075780C /* Barkle.app */ = {isa = PBXFileReference; explicitFileType = wrapper.application; includeInIndex = 0; path = Barkle.app; sourceTree = BUILT_PRODUCTS_DIR; };
		FFEB41CD28CD16970075780C /* AppDelegate.swift */ = {isa = PBXFileReference; lastKnownFileType = sourcecode.swift; path = AppDelegate.swift; sourceTree = "<group>"; };
		FFEB41CF28CD16970075780C /* SceneDelegate.swift */ = {isa = PBXFileReference; lastKnownFileType = sourcecode.swift; path = SceneDelegate.swift; sourceTree = "<group>"; };
		FFEB41D128CD16970075780C /* ViewController.swift */ = {isa = PBXFileReference; lastKnownFileType = sourcecode.swift; path = ViewController.swift; sourceTree = "<group>"; };
		FFEB41D428CD16970075780C /* Base */ = {isa = PBXFileReference; lastKnownFileType = file.storyboard; name = Base; path = Base.lproj/Main.storyboard; sourceTree = "<group>"; };
		FFEB41D628CD169B0075780C /* Assets.xcassets */ = {isa = PBXFileReference; lastKnownFileType = folder.assetcatalog; path = Assets.xcassets; sourceTree = "<group>"; };
		FFEB41D928CD169B0075780C /* Base */ = {isa = PBXFileReference; lastKnownFileType = file.storyboard; name = Base; path = Base.lproj/LaunchScreen.storyboard; sourceTree = "<group>"; };
		FFEB41DB28CD169B0075780C /* Info.plist */ = {isa = PBXFileReference; lastKnownFileType = text.plist.xml; path = Info.plist; sourceTree = "<group>"; };
/* End PBXFileReference section */

/* Begin PBXFrameworksBuildPhase section */
		FFEB41C728CD16960075780C /* Frameworks */ = {
			isa = PBXFrameworksBuildPhase;
			buildActionMask = 2147483647;
			files = (
			);
			runOnlyForDeploymentPostprocessing = 0;
		};
/* End PBXFrameworksBuildPhase section */

/* Begin PBXGroup section */
		FFEB41C128CD16960075780C = {
			isa = PBXGroup;
			children = (
				9C0AB86229141EC3007AF488 /* nobark.wav */,
				9C0AB86329141EC3007AF488 /* yesbark.wav */,
				FFEB41CC28CD16970075780C /* Barkle */,
				FFEB41CB28CD16970075780C /* Products */,
			);
			sourceTree = "<group>";
		};
		FFEB41CB28CD16970075780C /* Products */ = {
			isa = PBXGroup;
			children = (
				FFEB41CA28CD16970075780C /* Barkle.app */,
			);
			name = Products;
			sourceTree = "<group>";
		};
		FFEB41CC28CD16970075780C /* Barkle */ = {
			isa = PBXGroup;
			children = (
				FFEB41CD28CD16970075780C /* AppDelegate.swift */,
				FFEB41CF28CD16970075780C /* SceneDelegate.swift */,
				FFEB41D128CD16970075780C /* ViewController.swift */,
				FFEB41D328CD16970075780C /* Main.storyboard */,
				9C0AB8582912D0D1007AF488 /* longDogData.json */,
				FF3D39112904644A004A576D /* FavoritesController.swift */,
				FF656B3D28F334A80062F30D /* AccountViewController.swift */,
				FFEB41D628CD169B0075780C /* Assets.xcassets */,
				FFEB41D828CD169B0075780C /* LaunchScreen.storyboard */,
				FFEB41DB28CD169B0075780C /* Info.plist */,
				9C0AB85A2912D1B6007AF488 /* Dog.swift */,
				9C36736A2914271200469C9E /* dnldImgs.swift */,
			);
			path = Barkle;
			sourceTree = "<group>";
		};
/* End PBXGroup section */

/* Begin PBXNativeTarget section */
		FFEB41C928CD16960075780C /* Barkle */ = {
			isa = PBXNativeTarget;
			buildConfigurationList = FFEB41DE28CD169B0075780C /* Build configuration list for PBXNativeTarget "Barkle" */;
			buildPhases = (
				FFEB41C628CD16960075780C /* Sources */,
				FFEB41C728CD16960075780C /* Frameworks */,
				FFEB41C828CD16960075780C /* Resources */,
			);
			buildRules = (
			);
			dependencies = (
			);
			name = Barkle;
			productName = Barkle;
			productReference = FFEB41CA28CD16970075780C /* Barkle.app */;
			productType = "com.apple.product-type.application";
		};
/* End PBXNativeTarget section */

/* Begin PBXProject section */
		FFEB41C228CD16960075780C /* Project object */ = {
			isa = PBXProject;
			attributes = {
				BuildIndependentTargetsInParallel = 1;
				LastSwiftUpdateCheck = 1340;
				LastUpgradeCheck = 1340;
				TargetAttributes = {
					FFEB41C928CD16960075780C = {
						CreatedOnToolsVersion = 13.4.1;
					};
				};
			};
			buildConfigurationList = FFEB41C528CD16960075780C /* Build configuration list for PBXProject "Barkle" */;
			compatibilityVersion = "Xcode 13.0";
			developmentRegion = en;
			hasScannedForEncodings = 0;
			knownRegions = (
				en,
				Base,
			);
			mainGroup = FFEB41C128CD16960075780C;
			productRefGroup = FFEB41CB28CD16970075780C /* Products */;
			projectDirPath = "";
			projectRoot = "";
			targets = (
				FFEB41C928CD16960075780C /* Barkle */,
			);
		};
/* End PBXProject section */

/* Begin PBXResourcesBuildPhase section */
		FFEB41C828CD16960075780C /* Resources */ = {
			isa = PBXResourcesBuildPhase;
			buildActionMask = 2147483647;
			files = (
				9C0AB86429141EC3007AF488 /* nobark.wav in Resources */,
				9C0AB86529141EC3007AF488 /* yesbark.wav in Resources */,
				9C0AB8592912D0D1007AF488 /* longDogData.json in Resources */,
				FFEB41DA28CD169B0075780C /* LaunchScreen.storyboard in Resources */,
				FFEB41D728CD169B0075780C /* Assets.xcassets in Resources */,
				FFEB41D528CD16970075780C /* Main.storyboard in Resources */,
			);
			runOnlyForDeploymentPostprocessing = 0;
		};
/* End PBXResourcesBuildPhase section */

/* Begin PBXSourcesBuildPhase section */
		FFEB41C628CD16960075780C /* Sources */ = {
			isa = PBXSourcesBuildPhase;
			buildActionMask = 2147483647;
			files = (
				FFEB41D228CD16970075780C /* ViewController.swift in Sources */,
				FFEB41CE28CD16970075780C /* AppDelegate.swift in Sources */,
				9C0AB85B2912D1B6007AF488 /* Dog.swift in Sources */,
				FF3D39122904644A004A576D /* FavoritesController.swift in Sources */,
				FF656B3E28F334A80062F30D /* AccountViewController.swift in Sources */,
				FFEB41D028CD16970075780C /* SceneDelegate.swift in Sources */,
				9C36736B2914271200469C9E /* dnldImgs.swift in Sources */,
			);
			runOnlyForDeploymentPostprocessing = 0;
		};
/* End PBXSourcesBuildPhase section */

/* Begin PBXVariantGroup section */
		FFEB41D328CD16970075780C /* Main.storyboard */ = {
			isa = PBXVariantGroup;
			children = (
				FFEB41D428CD16970075780C /* Base */,
			);
			name = Main.storyboard;
			sourceTree = "<group>";
		};
		FFEB41D828CD169B0075780C /* LaunchScreen.storyboard */ = {
			isa = PBXVariantGroup;
			children = (
				FFEB41D928CD169B0075780C /* Base */,
			);
			name = LaunchScreen.storyboard;
			sourceTree = "<group>";
		};
/* End PBXVariantGroup section */

/* Begin XCBuildConfiguration section */
		FFEB41DC28CD169B0075780C /* Debug */ = {
			isa = XCBuildConfiguration;
			buildSettings = {
				ALWAYS_SEARCH_USER_PATHS = NO;
				CLANG_ANALYZER_NONNULL = YES;
				CLANG_ANALYZER_NUMBER_OBJECT_CONVERSION = YES_AGGRESSIVE;
				CLANG_CXX_LANGUAGE_STANDARD = "gnu++17";
				CLANG_ENABLE_MODULES = YES;
				CLANG_ENABLE_OBJC_ARC = YES;
				CLANG_ENABLE_OBJC_WEAK = YES;
				CLANG_WARN_BLOCK_CAPTURE_AUTORELEASING = YES;
				CLANG_WARN_BOOL_CONVERSION = YES;
				CLANG_WARN_COMMA = YES;
				CLANG_WARN_CONSTANT_CONVERSION = YES;
				CLANG_WARN_DEPRECATED_OBJC_IMPLEMENTATIONS = YES;
				CLANG_WARN_DIRECT_OBJC_ISA_USAGE = YES_ERROR;
				CLANG_WARN_DOCUMENTATION_COMMENTS = YES;
				CLANG_WARN_EMPTY_BODY = YES;
				CLANG_WARN_ENUM_CONVERSION = YES;
				CLANG_WARN_INFINITE_RECURSION = YES;
				CLANG_WARN_INT_CONVERSION = YES;
				CLANG_WARN_NON_LITERAL_NULL_CONVERSION = YES;
				CLANG_WARN_OBJC_IMPLICIT_RETAIN_SELF = YES;
				CLANG_WARN_OBJC_LITERAL_CONVERSION = YES;
				CLANG_WARN_OBJC_ROOT_CLASS = YES_ERROR;
				CLANG_WARN_QUOTED_INCLUDE_IN_FRAMEWORK_HEADER = YES;
				CLANG_WARN_RANGE_LOOP_ANALYSIS = YES;
				CLANG_WARN_STRICT_PROTOTYPES = YES;
				CLANG_WARN_SUSPICIOUS_MOVE = YES;
				CLANG_WARN_UNGUARDED_AVAILABILITY = YES_AGGRESSIVE;
				CLANG_WARN_UNREACHABLE_CODE = YES;
				CLANG_WARN__DUPLICATE_METHOD_MATCH = YES;
				COPY_PHASE_STRIP = NO;
				DEBUG_INFORMATION_FORMAT = dwarf;
				ENABLE_STRICT_OBJC_MSGSEND = YES;
				ENABLE_TESTABILITY = YES;
				GCC_C_LANGUAGE_STANDARD = gnu11;
				GCC_DYNAMIC_NO_PIC = NO;
				GCC_NO_COMMON_BLOCKS = YES;
				GCC_OPTIMIZATION_LEVEL = 0;
				GCC_PREPROCESSOR_DEFINITIONS = (
					"DEBUG=1",
					"$(inherited)",
				);
				GCC_WARN_64_TO_32_BIT_CONVERSION = YES;
				GCC_WARN_ABOUT_RETURN_TYPE = YES_ERROR;
				GCC_WARN_UNDECLARED_SELECTOR = YES;
				GCC_WARN_UNINITIALIZED_AUTOS = YES_AGGRESSIVE;
				GCC_WARN_UNUSED_FUNCTION = YES;
				GCC_WARN_UNUSED_VARIABLE = YES;
				IPHONEOS_DEPLOYMENT_TARGET = 14.0;
				MTL_ENABLE_DEBUG_INFO = INCLUDE_SOURCE;
				MTL_FAST_MATH = YES;
				ONLY_ACTIVE_ARCH = YES;
				SDKROOT = iphoneos;
				SWIFT_ACTIVE_COMPILATION_CONDITIONS = DEBUG;
				SWIFT_OPTIMIZATION_LEVEL = "-Onone";
			};
			name = Debug;
		};
		FFEB41DD28CD169B0075780C /* Release */ = {
			isa = XCBuildConfiguration;
			buildSettings = {
				ALWAYS_SEARCH_USER_PATHS = NO;
				CLANG_ANALYZER_NONNULL = YES;
				CLANG_ANALYZER_NUMBER_OBJECT_CONVERSION = YES_AGGRESSIVE;
				CLANG_CXX_LANGUAGE_STANDARD = "gnu++17";
				CLANG_ENABLE_MODULES = YES;
				CLANG_ENABLE_OBJC_ARC = YES;
				CLANG_ENABLE_OBJC_WEAK = YES;
				CLANG_WARN_BLOCK_CAPTURE_AUTORELEASING = YES;
				CLANG_WARN_BOOL_CONVERSION = YES;
				CLANG_WARN_COMMA = YES;
				CLANG_WARN_CONSTANT_CONVERSION = YES;
				CLANG_WARN_DEPRECATED_OBJC_IMPLEMENTATIONS = YES;
				CLANG_WARN_DIRECT_OBJC_ISA_USAGE = YES_ERROR;
				CLANG_WARN_DOCUMENTATION_COMMENTS = YES;
				CLANG_WARN_EMPTY_BODY = YES;
				CLANG_WARN_ENUM_CONVERSION = YES;
				CLANG_WARN_INFINITE_RECURSION = YES;
				CLANG_WARN_INT_CONVERSION = YES;
				CLANG_WARN_NON_LITERAL_NULL_CONVERSION = YES;
				CLANG_WARN_OBJC_IMPLICIT_RETAIN_SELF = YES;
				CLANG_WARN_OBJC_LITERAL_CONVERSION = YES;
				CLANG_WARN_OBJC_ROOT_CLASS = YES_ERROR;
				CLANG_WARN_QUOTED_INCLUDE_IN_FRAMEWORK_HEADER = YES;
				CLANG_WARN_RANGE_LOOP_ANALYSIS = YES;
				CLANG_WARN_STRICT_PROTOTYPES = YES;
				CLANG_WARN_SUSPICIOUS_MOVE = YES;
				CLANG_WARN_UNGUARDED_AVAILABILITY = YES_AGGRESSIVE;
				CLANG_WARN_UNREACHABLE_CODE = YES;
				CLANG_WARN__DUPLICATE_METHOD_MATCH = YES;
				COPY_PHASE_STRIP = NO;
				DEBUG_INFORMATION_FORMAT = "dwarf-with-dsym";
				ENABLE_NS_ASSERTIONS = NO;
				ENABLE_STRICT_OBJC_MSGSEND = YES;
				GCC_C_LANGUAGE_STANDARD = gnu11;
				GCC_NO_COMMON_BLOCKS = YES;
				GCC_WARN_64_TO_32_BIT_CONVERSION = YES;
				GCC_WARN_ABOUT_RETURN_TYPE = YES_ERROR;
				GCC_WARN_UNDECLARED_SELECTOR = YES;
				GCC_WARN_UNINITIALIZED_AUTOS = YES_AGGRESSIVE;
				GCC_WARN_UNUSED_FUNCTION = YES;
				GCC_WARN_UNUSED_VARIABLE = YES;
				IPHONEOS_DEPLOYMENT_TARGET = 14.0;
				MTL_ENABLE_DEBUG_INFO = NO;
				MTL_FAST_MATH = YES;
				SDKROOT = iphoneos;
				SWIFT_COMPILATION_MODE = wholemodule;
				SWIFT_OPTIMIZATION_LEVEL = "-O";
				VALIDATE_PRODUCT = YES;
			};
			name = Release;
		};
		FFEB41DF28CD169B0075780C /* Debug */ = {
			isa = XCBuildConfiguration;
			buildSettings = {
				ASSETCATALOG_COMPILER_APPICON_NAME = AppIcon;
				ASSETCATALOG_COMPILER_GLOBAL_ACCENT_COLOR_NAME = AccentColor;
				CODE_SIGN_STYLE = Automatic;
				CURRENT_PROJECT_VERSION = 1;
				GENERATE_INFOPLIST_FILE = YES;
				INFOPLIST_FILE = Barkle/Info.plist;
				INFOPLIST_KEY_UIApplicationSupportsIndirectInputEvents = YES;
				INFOPLIST_KEY_UILaunchStoryboardName = LaunchScreen;
				INFOPLIST_KEY_UIMainStoryboardFile = Main;
				INFOPLIST_KEY_UISupportedInterfaceOrientations = UIInterfaceOrientationPortrait;
				INFOPLIST_KEY_UISupportedInterfaceOrientations_iPad = "UIInterfaceOrientationPortrait UIInterfaceOrientationPortraitUpsideDown UIInterfaceOrientationLandscapeLeft UIInterfaceOrientationLandscapeRight";
				INFOPLIST_KEY_UISupportedInterfaceOrientations_iPhone = "UIInterfaceOrientationPortrait UIInterfaceOrientationLandscapeLeft UIInterfaceOrientationLandscapeRight";
				IPHONEOS_DEPLOYMENT_TARGET = 13.0;
				LD_RUNPATH_SEARCH_PATHS = (
					"$(inherited)",
					"@executable_path/Frameworks",
				);
				MARKETING_VERSION = 1.0;
				PRODUCT_BUNDLE_IDENTIFIER = "com.IT499-Daniel-Roxy.Barkle";
				PRODUCT_NAME = "$(TARGET_NAME)";
				SUPPORTED_PLATFORMS = "iphoneos iphonesimulator";
				SUPPORTS_MACCATALYST = NO;
				SUPPORTS_MAC_DESIGNED_FOR_IPHONE_IPAD = NO;
				SWIFT_EMIT_LOC_STRINGS = YES;
				SWIFT_VERSION = 5.0;
				TARGETED_DEVICE_FAMILY = 1;
			};
			name = Debug;
		};
		FFEB41E028CD169B0075780C /* Release */ = {
			isa = XCBuildConfiguration;
			buildSettings = {
				ASSETCATALOG_COMPILER_APPICON_NAME = AppIcon;
				ASSETCATALOG_COMPILER_GLOBAL_ACCENT_COLOR_NAME = AccentColor;
				CODE_SIGN_STYLE = Automatic;
				CURRENT_PROJECT_VERSION = 1;
				GENERATE_INFOPLIST_FILE = YES;
				INFOPLIST_FILE = Barkle/Info.plist;
				INFOPLIST_KEY_UIApplicationSupportsIndirectInputEvents = YES;
				INFOPLIST_KEY_UILaunchStoryboardName = LaunchScreen;
				INFOPLIST_KEY_UIMainStoryboardFile = Main;
				INFOPLIST_KEY_UISupportedInterfaceOrientations = UIInterfaceOrientationPortrait;
				INFOPLIST_KEY_UISupportedInterfaceOrientations_iPad = "UIInterfaceOrientationPortrait UIInterfaceOrientationPortraitUpsideDown UIInterfaceOrientationLandscapeLeft UIInterfaceOrientationLandscapeRight";
				INFOPLIST_KEY_UISupportedInterfaceOrientations_iPhone = "UIInterfaceOrientationPortrait UIInterfaceOrientationLandscapeLeft UIInterfaceOrientationLandscapeRight";
				IPHONEOS_DEPLOYMENT_TARGET = 13.0;
				LD_RUNPATH_SEARCH_PATHS = (
					"$(inherited)",
					"@executable_path/Frameworks",
				);
				MARKETING_VERSION = 1.0;
				PRODUCT_BUNDLE_IDENTIFIER = "com.IT499-Daniel-Roxy.Barkle";
				PRODUCT_NAME = "$(TARGET_NAME)";
				SUPPORTED_PLATFORMS = "iphoneos iphonesimulator";
				SUPPORTS_MACCATALYST = NO;
				SUPPORTS_MAC_DESIGNED_FOR_IPHONE_IPAD = NO;
				SWIFT_EMIT_LOC_STRINGS = YES;
				SWIFT_VERSION = 5.0;
				TARGETED_DEVICE_FAMILY = 1;
			};
			name = Release;
		};
/* End XCBuildConfiguration section */

/* Begin XCConfigurationList section */
		FFEB41C528CD16960075780C /* Build configuration list for PBXProject "Barkle" */ = {
			isa = XCConfigurationList;
			buildConfigurations = (
				FFEB41DC28CD169B0075780C /* Debug */,
				FFEB41DD28CD169B0075780C /* Release */,
			);
			defaultConfigurationIsVisible = 0;
			defaultConfigurationName = Release;
		};
		FFEB41DE28CD169B0075780C /* Build configuration list for PBXNativeTarget "Barkle" */ = {
			isa = XCConfigurationList;
			buildConfigurations = (
				FFEB41DF28CD169B0075780C /* Debug */,
				FFEB41E028CD169B0075780C /* Release */,
			);
			defaultConfigurationIsVisible = 0;
			defaultConfigurationName = Release;
		};
/* End XCConfigurationList section */
	};
	rootObject = FFEB41C228CD16960075780C /* Project object */;
}
